
Microsoft Visual Studio Solution File, Format Version 12.00
# Visual Studio 15
Project("{FAE04EC0-301F-11D3-BF4B-00C04F79EFBC}") = "Assembly-CSharp", "Assembly-CSharp.csproj", "{01719026-D008-7A35-A12F-8E9092C8C6CE}"
EndProject
Project("{2150E333-8FDC-42A3-9474-1A3956D46DE8}") = "Элементы решения", "Элементы решения", "{3A027D3F-42FB-48C2-8733-DC3D0C1CE1CB}"
	ProjectSection(SolutionItems) = preProject
		CameraFollow.cs = CameraFollow.cs
		Assets\Scripts\FlappyBird\Crow.cs = Assets\Scripts\FlappyBird\Crow.cs
		Assets\Scripts\FlappyBird\GameManager.cs = Assets\Scripts\FlappyBird\GameManager.cs
	EndProjectSection
EndProject
Global
	GlobalSection(SolutionConfigurationPlatforms) = preSolution
		Debug|Any CPU = Debug|Any CPU
		Release|Any CPU = Release|Any CPU
	EndGlobalSection
	GlobalSection(ProjectConfigurationPlatforms) = postSolution
		{01719026-D008-7A35-A12F-8E9092C8C6CE}.Debug|Any CPU.ActiveCfg = Debug|Any CPU
		{01719026-D008-7A35-A12F-8E9092C8C6CE}.Debug|Any CPU.Build.0 = Debug|Any CPU
		{01719026-D008-7A35-A12F-8E9092C8C6CE}.Release|Any CPU.ActiveCfg = Release|Any CPU
		{01719026-D008-7A35-A12F-8E9092C8C6CE}.Release|Any CPU.Build.0 = Release|Any CPU
	EndGlobalSection
	GlobalSection(SolutionProperties) = preSolution
		HideSolutionNode = FALSE
	EndGlobalSection
EndGlobal
